
Microsoft Visual Studio Solution File, Format Version 12.00
# Visual Studio 15
VisualStudioVersion = 15.0.26730.12
MinimumVisualStudioVersion = 10.0.40219.1
Project("{FAE04EC0-301F-11D3-BF4B-00C04F79EFBC}") = "RSAlgorithmLibrary", "RSAlgorithmLibrary\RSAlgorithmLibrary.csproj", "{F2E5FBF9-DA75-4445-81AE-B71FC10E1C5D}"
EndProject
Project("{FAE04EC0-301F-11D3-BF4B-00C04F79EFBC}") = "WpfGraphs", "WpfGraphs\WpfGraphs.csproj", "{9CAEFF59-0BF9-42EB-BB2D-F7BAFFE98C17}"
	ProjectSection(ProjectDependencies) = postProject
		{F2E5FBF9-DA75-4445-81AE-B71FC10E1C5D} = {F2E5FBF9-DA75-4445-81AE-B71FC10E1C5D}
	EndProjectSection
EndProject
Project("{FAE04EC0-301F-11D3-BF4B-00C04F79EFBC}") = "AvaloniaMVVM2", "AvaloniaMVVM2\AvaloniaMVVM2.csproj", "{D606279B-E87F-46D7-845A-1BA8DD3B50AB}"
EndProject
Project("{FAE04EC0-301F-11D3-BF4B-00C04F79EFBC}") = "RSAvaloniaNetFramework", "RSAvaloniaNetFramework\RSAvaloniaNetFramework.csproj", "{6B37297A-A726-4A21-9D60-9BFD41A112DA}"
EndProject
Project("{FAE04EC0-301F-11D3-BF4B-00C04F79EFBC}") = "AvaloniaMVVM1", "AvaloniaMVVM1\AvaloniaMVVM1.csproj", "{A4CEB03F-8940-4DD1-9902-595869BBF89F}"
EndProject
Project("{FAE04EC0-301F-11D3-BF4B-00C04F79EFBC}") = "RSApplication", "RSApplication\RSApplication.csproj", "{FF6B6545-5A70-4E3F-9E10-6365A012F670}"
EndProject
Global
	GlobalSection(SolutionConfigurationPlatforms) = preSolution
		Debug|Any CPU = Debug|Any CPU
		Release|Any CPU = Release|Any CPU
	EndGlobalSection
	GlobalSection(ProjectConfigurationPlatforms) = postSolution
		{F2E5FBF9-DA75-4445-81AE-B71FC10E1C5D}.Debug|Any CPU.ActiveCfg = Debug|Any CPU
		{F2E5FBF9-DA75-4445-81AE-B71FC10E1C5D}.Debug|Any CPU.Build.0 = Debug|Any CPU
		{F2E5FBF9-DA75-4445-81AE-B71FC10E1C5D}.Release|Any CPU.ActiveCfg = Release|Any CPU
		{F2E5FBF9-DA75-4445-81AE-B71FC10E1C5D}.Release|Any CPU.Build.0 = Release|Any CPU
		{9CAEFF59-0BF9-42EB-BB2D-F7BAFFE98C17}.Debug|Any CPU.ActiveCfg = Debug|Any CPU
		{9CAEFF59-0BF9-42EB-BB2D-F7BAFFE98C17}.Debug|Any CPU.Build.0 = Debug|Any CPU
		{9CAEFF59-0BF9-42EB-BB2D-F7BAFFE98C17}.Release|Any CPU.ActiveCfg = Release|Any CPU
		{9CAEFF59-0BF9-42EB-BB2D-F7BAFFE98C17}.Release|Any CPU.Build.0 = Release|Any CPU
		{D606279B-E87F-46D7-845A-1BA8DD3B50AB}.Debug|Any CPU.ActiveCfg = Debug|Any CPU
		{D606279B-E87F-46D7-845A-1BA8DD3B50AB}.Debug|Any CPU.Build.0 = Debug|Any CPU
		{D606279B-E87F-46D7-845A-1BA8DD3B50AB}.Release|Any CPU.ActiveCfg = Release|Any CPU
		{D606279B-E87F-46D7-845A-1BA8DD3B50AB}.Release|Any CPU.Build.0 = Release|Any CPU
		{6B37297A-A726-4A21-9D60-9BFD41A112DA}.Debug|Any CPU.ActiveCfg = Debug|Any CPU
		{6B37297A-A726-4A21-9D60-9BFD41A112DA}.Debug|Any CPU.Build.0 = Debug|Any CPU
		{6B37297A-A726-4A21-9D60-9BFD41A112DA}.Release|Any CPU.ActiveCfg = Release|Any CPU
		{6B37297A-A726-4A21-9D60-9BFD41A112DA}.Release|Any CPU.Build.0 = Release|Any CPU
		{A4CEB03F-8940-4DD1-9902-595869BBF89F}.Debug|Any CPU.ActiveCfg = Debug|Any CPU
		{A4CEB03F-8940-4DD1-9902-595869BBF89F}.Debug|Any CPU.Build.0 = Debug|Any CPU
		{A4CEB03F-8940-4DD1-9902-595869BBF89F}.Release|Any CPU.ActiveCfg = Release|Any CPU
		{A4CEB03F-8940-4DD1-9902-595869BBF89F}.Release|Any CPU.Build.0 = Release|Any CPU
		{FF6B6545-5A70-4E3F-9E10-6365A012F670}.Debug|Any CPU.ActiveCfg = Debug|Any CPU
		{FF6B6545-5A70-4E3F-9E10-6365A012F670}.Debug|Any CPU.Build.0 = Debug|Any CPU
		{FF6B6545-5A70-4E3F-9E10-6365A012F670}.Release|Any CPU.ActiveCfg = Release|Any CPU
		{FF6B6545-5A70-4E3F-9E10-6365A012F670}.Release|Any CPU.Build.0 = Release|Any CPU
	EndGlobalSection
	GlobalSection(SolutionProperties) = preSolution
		HideSolutionNode = FALSE
	EndGlobalSection
	GlobalSection(ExtensibilityGlobals) = postSolution
		SolutionGuid = {B785E09E-97C0-480F-BC13-C0DEA90626C4}
	EndGlobalSection
	GlobalSection(Performance) = preSolution
		HasPerformanceSessions = true
	EndGlobalSection
	GlobalSection(Performance) = preSolution
		HasPerformanceSessions = true
	EndGlobalSection
EndGlobal
