
Microsoft Visual Studio Solution File, Format Version 12.00
# Visual Studio 15
VisualStudioVersion = 15.0.26730.12
MinimumVisualStudioVersion = 10.0.40219.1
Project("{FAE04EC0-301F-11D3-BF4B-00C04F79EFBC}") = "RSAlgorithmLibrary", "RSAlgorithmLibrary\RSAlgorithmLibrary.csproj", "{F2E5FBF9-DA75-4445-81AE-B71FC10E1C5D}"
EndProject
Project("{FAE04EC0-301F-11D3-BF4B-00C04F79EFBC}") = "WpfGraphs", "WpfGraphs\WpfGraphs.csproj", "{9CAEFF59-0BF9-42EB-BB2D-F7BAFFE98C17}"
	ProjectSection(ProjectDependencies) = postProject
		{F2E5FBF9-DA75-4445-81AE-B71FC10E1C5D} = {F2E5FBF9-DA75-4445-81AE-B71FC10E1C5D}
	EndProjectSection
EndProject
Project("{FAE04EC0-301F-11D3-BF4B-00C04F79EFBC}") = "RSApplication", "RSApplication\RSApplication.csproj", "{FF6B6545-5A70-4E3F-9E10-6365A012F670}"
EndProject
Project("{FAE04EC0-301F-11D3-BF4B-00C04F79EFBC}") = "AvaloniaCoreMVVM1", "AvaloniaCoreMVVM1\AvaloniaCoreMVVM1.csproj", "{95AD87BB-1F7D-4741-A152-ED655652C3E0}"
EndProject
Project("{FAE04EC0-301F-11D3-BF4B-00C04F79EFBC}") = "AvaloniaCoreMVVM2", "AvaloniaCoreMVVM2\AvaloniaCoreMVVM2.csproj", "{CF2801FD-7E9F-4659-B289-40921DBFAA3B}"
EndProject
Project("{FAE04EC0-301F-11D3-BF4B-00C04F79EFBC}") = "RSAvaloniaCore", "RSAvaloniaCore\RSAvaloniaCore.csproj", "{98A08451-6A43-4FF6-ADF2-D95C48AD9387}"
EndProject
Global
	GlobalSection(SolutionConfigurationPlatforms) = preSolution
		Debug|Any CPU = Debug|Any CPU
		Release|Any CPU = Release|Any CPU
	EndGlobalSection
	GlobalSection(ProjectConfigurationPlatforms) = postSolution
		{F2E5FBF9-DA75-4445-81AE-B71FC10E1C5D}.Debug|Any CPU.ActiveCfg = Debug|Any CPU
		{F2E5FBF9-DA75-4445-81AE-B71FC10E1C5D}.Debug|Any CPU.Build.0 = Debug|Any CPU
		{F2E5FBF9-DA75-4445-81AE-B71FC10E1C5D}.Release|Any CPU.ActiveCfg = Release|Any CPU
		{F2E5FBF9-DA75-4445-81AE-B71FC10E1C5D}.Release|Any CPU.Build.0 = Release|Any CPU
		{9CAEFF59-0BF9-42EB-BB2D-F7BAFFE98C17}.Debug|Any CPU.ActiveCfg = Debug|Any CPU
		{9CAEFF59-0BF9-42EB-BB2D-F7BAFFE98C17}.Debug|Any CPU.Build.0 = Debug|Any CPU
		{9CAEFF59-0BF9-42EB-BB2D-F7BAFFE98C17}.Release|Any CPU.ActiveCfg = Release|Any CPU
		{9CAEFF59-0BF9-42EB-BB2D-F7BAFFE98C17}.Release|Any CPU.Build.0 = Release|Any CPU
		{FF6B6545-5A70-4E3F-9E10-6365A012F670}.Debug|Any CPU.ActiveCfg = Debug|Any CPU
		{FF6B6545-5A70-4E3F-9E10-6365A012F670}.Debug|Any CPU.Build.0 = Debug|Any CPU
		{FF6B6545-5A70-4E3F-9E10-6365A012F670}.Release|Any CPU.ActiveCfg = Release|Any CPU
		{FF6B6545-5A70-4E3F-9E10-6365A012F670}.Release|Any CPU.Build.0 = Release|Any CPU
		{95AD87BB-1F7D-4741-A152-ED655652C3E0}.Debug|Any CPU.ActiveCfg = Debug|Any CPU
		{95AD87BB-1F7D-4741-A152-ED655652C3E0}.Debug|Any CPU.Build.0 = Debug|Any CPU
		{95AD87BB-1F7D-4741-A152-ED655652C3E0}.Release|Any CPU.ActiveCfg = Release|Any CPU
		{95AD87BB-1F7D-4741-A152-ED655652C3E0}.Release|Any CPU.Build.0 = Release|Any CPU
		{CF2801FD-7E9F-4659-B289-40921DBFAA3B}.Debug|Any CPU.ActiveCfg = Debug|Any CPU
		{CF2801FD-7E9F-4659-B289-40921DBFAA3B}.Debug|Any CPU.Build.0 = Debug|Any CPU
		{CF2801FD-7E9F-4659-B289-40921DBFAA3B}.Release|Any CPU.ActiveCfg = Release|Any CPU
		{CF2801FD-7E9F-4659-B289-40921DBFAA3B}.Release|Any CPU.Build.0 = Release|Any CPU
		{98A08451-6A43-4FF6-ADF2-D95C48AD9387}.Debug|Any CPU.ActiveCfg = Debug|Any CPU
		{98A08451-6A43-4FF6-ADF2-D95C48AD9387}.Debug|Any CPU.Build.0 = Debug|Any CPU
		{98A08451-6A43-4FF6-ADF2-D95C48AD9387}.Release|Any CPU.ActiveCfg = Release|Any CPU
		{98A08451-6A43-4FF6-ADF2-D95C48AD9387}.Release|Any CPU.Build.0 = Release|Any CPU
	EndGlobalSection
	GlobalSection(SolutionProperties) = preSolution
		HideSolutionNode = FALSE
	EndGlobalSection
	GlobalSection(ExtensibilityGlobals) = postSolution
		SolutionGuid = {B785E09E-97C0-480F-BC13-C0DEA90626C4}
	EndGlobalSection
	GlobalSection(Performance) = preSolution
		HasPerformanceSessions = true
	EndGlobalSection
	GlobalSection(Performance) = preSolution
		HasPerformanceSessions = true
	EndGlobalSection
EndGlobal
